// !$*UTF8*$!
{
	archiveVersion = 1;
	classes = {
	};
	objectVersion = 56;
	objects = {

/* Begin PBXBuildFile section */
		6306E44F2907A767000E49D7 /* AppDelegate.swift in Sources */ = {isa = PBXBuildFile; fileRef = 6306E44E2907A767000E49D7 /* AppDelegate.swift */; };
		6306E4512907A767000E49D7 /* SceneDelegate.swift in Sources */ = {isa = PBXBuildFile; fileRef = 6306E4502907A767000E49D7 /* SceneDelegate.swift */; };
		6306E4532907A767000E49D7 /* ViewController.swift in Sources */ = {isa = PBXBuildFile; fileRef = 6306E4522907A767000E49D7 /* ViewController.swift */; };
		6306E4562907A767000E49D7 /* Main.storyboard in Resources */ = {isa = PBXBuildFile; fileRef = 6306E4542907A767000E49D7 /* Main.storyboard */; };
		6306E4582907A768000E49D7 /* Assets.xcassets in Resources */ = {isa = PBXBuildFile; fileRef = 6306E4572907A768000E49D7 /* Assets.xcassets */; };
		6306E45B2907A768000E49D7 /* LaunchScreen.storyboard in Resources */ = {isa = PBXBuildFile; fileRef = 6306E4592907A768000E49D7 /* LaunchScreen.storyboard */; };
		6306E4632907A9DB000E49D7 /* .gitignore in Resources */ = {isa = PBXBuildFile; fileRef = 6306E4622907A9DB000E49D7 /* .gitignore */; };
		6306E4652907A9F1000E49D7 /* APIKey.swift in Sources */ = {isa = PBXBuildFile; fileRef = 6306E4642907A9F1000E49D7 /* APIKey.swift */; };
		6306E4672907AA02000E49D7 /* APIService.swift in Sources */ = {isa = PBXBuildFile; fileRef = 6306E4662907AA02000E49D7 /* APIService.swift */; };
		6306E46A2907AA2D000E49D7 /* DiffableViewController.swift in Sources */ = {isa = PBXBuildFile; fileRef = 6306E4692907AA2D000E49D7 /* DiffableViewController.swift */; };
		6306E46C2907AA7C000E49D7 /* DiffableViewModel.swift in Sources */ = {isa = PBXBuildFile; fileRef = 6306E46B2907AA7C000E49D7 /* DiffableViewModel.swift */; };
		6306E46E2907AA94000E49D7 /* SearchPhoto.swift in Sources */ = {isa = PBXBuildFile; fileRef = 6306E46D2907AA94000E49D7 /* SearchPhoto.swift */; };
		6306E4712907AAB3000E49D7 /* SubjectViewController.swift in Sources */ = {isa = PBXBuildFile; fileRef = 6306E4702907AAB3000E49D7 /* SubjectViewController.swift */; };
		6306E4732907AAF2000E49D7 /* RxCocoaExampleViewController.swift in Sources */ = {isa = PBXBuildFile; fileRef = 6306E4722907AAF2000E49D7 /* RxCocoaExampleViewController.swift */; };
		6306E4752907AB0F000E49D7 /* SubjectViewModel.swift in Sources */ = {isa = PBXBuildFile; fileRef = 6306E4742907AB0F000E49D7 /* SubjectViewModel.swift */; };
		6306E4772907AB2B000E49D7 /* SimpleCollectionViewController.swift in Sources */ = {isa = PBXBuildFile; fileRef = 6306E4762907AB2B000E49D7 /* SimpleCollectionViewController.swift */; };
		6306E4792907AB3F000E49D7 /* SimpleTableViewController.swift in Sources */ = {isa = PBXBuildFile; fileRef = 6306E4782907AB3F000E49D7 /* SimpleTableViewController.swift */; };
		6306E47C2907AB58000E49D7 /* CObservable.swift in Sources */ = {isa = PBXBuildFile; fileRef = 6306E47B2907AB58000E49D7 /* CObservable.swift */; };
		6306E47E2907AB66000E49D7 /* NewsViewController.swift in Sources */ = {isa = PBXBuildFile; fileRef = 6306E47D2907AB66000E49D7 /* NewsViewController.swift */; };
		6306E4802907AB79000E49D7 /* NewsViewModel.swift in Sources */ = {isa = PBXBuildFile; fileRef = 6306E47F2907AB79000E49D7 /* NewsViewModel.swift */; };
		6306E4822907AB8C000E49D7 /* News.swift in Sources */ = {isa = PBXBuildFile; fileRef = 6306E4812907AB8C000E49D7 /* News.swift */; };
		6306E4852907AD0C000E49D7 /* Alamofire in Frameworks */ = {isa = PBXBuildFile; productRef = 6306E4842907AD0C000E49D7 /* Alamofire */; };
		6306E4882907AD18000E49D7 /* RxCocoa in Frameworks */ = {isa = PBXBuildFile; productRef = 6306E4872907AD18000E49D7 /* RxCocoa */; };
		6306E48A2907AD18000E49D7 /* RxSwift in Frameworks */ = {isa = PBXBuildFile; productRef = 6306E4892907AD18000E49D7 /* RxSwift */; };
		63967F6C2908CBB200E3704D /* SubscribeViewController.swift in Sources */ = {isa = PBXBuildFile; fileRef = 63967F6B2908CBB200E3704D /* SubscribeViewController.swift */; };
		63A9280D2907EB23002D1D8F /* SimplePickerViewRxViewController.swift in Sources */ = {isa = PBXBuildFile; fileRef = 63A9280C2907EB23002D1D8F /* SimplePickerViewRxViewController.swift */; };
		63A9280F2907ED68002D1D8F /* SimplePickerView.swift in Sources */ = {isa = PBXBuildFile; fileRef = 63A9280E2907ED68002D1D8F /* SimplePickerView.swift */; };
		63A928122907EE6D002D1D8F /* SnapKit in Frameworks */ = {isa = PBXBuildFile; productRef = 63A928112907EE6D002D1D8F /* SnapKit */; };
		63A928162907F827002D1D8F /* NumbersRxViewController.swift in Sources */ = {isa = PBXBuildFile; fileRef = 63A928152907F827002D1D8F /* NumbersRxViewController.swift */; };
		63A928182907F847002D1D8F /* NumbersView.swift in Sources */ = {isa = PBXBuildFile; fileRef = 63A928172907F847002D1D8F /* NumbersView.swift */; };
		63A9281B2907FC0E002D1D8F /* SimpleValidationRxViewController.swift in Sources */ = {isa = PBXBuildFile; fileRef = 63A9281A2907FC0E002D1D8F /* SimpleValidationRxViewController.swift */; };
		63A9281D2907FC80002D1D8F /* SimpleValidationView.swift in Sources */ = {isa = PBXBuildFile; fileRef = 63A9281C2907FC80002D1D8F /* SimpleValidationView.swift */; };
		63A9282029080D9D002D1D8F /* SimpleTableViewRxViewController.swift in Sources */ = {isa = PBXBuildFile; fileRef = 63A9281F29080D9D002D1D8F /* SimpleTableViewRxViewController.swift */; };
/* End PBXBuildFile section */

/* Begin PBXFileReference section */
		6306E44B2907A767000E49D7 /* SeSAC16_17Week.app */ = {isa = PBXFileReference; explicitFileType = wrapper.application; includeInIndex = 0; path = SeSAC16_17Week.app; sourceTree = BUILT_PRODUCTS_DIR; };
		6306E44E2907A767000E49D7 /* AppDelegate.swift */ = {isa = PBXFileReference; lastKnownFileType = sourcecode.swift; path = AppDelegate.swift; sourceTree = "<group>"; };
		6306E4502907A767000E49D7 /* SceneDelegate.swift */ = {isa = PBXFileReference; lastKnownFileType = sourcecode.swift; path = SceneDelegate.swift; sourceTree = "<group>"; };
		6306E4522907A767000E49D7 /* ViewController.swift */ = {isa = PBXFileReference; lastKnownFileType = sourcecode.swift; path = ViewController.swift; sourceTree = "<group>"; };
		6306E4552907A767000E49D7 /* Base */ = {isa = PBXFileReference; lastKnownFileType = file.storyboard; name = Base; path = Base.lproj/Main.storyboard; sourceTree = "<group>"; };
		6306E4572907A768000E49D7 /* Assets.xcassets */ = {isa = PBXFileReference; lastKnownFileType = folder.assetcatalog; path = Assets.xcassets; sourceTree = "<group>"; };
		6306E45A2907A768000E49D7 /* Base */ = {isa = PBXFileReference; lastKnownFileType = file.storyboard; name = Base; path = Base.lproj/LaunchScreen.storyboard; sourceTree = "<group>"; };
		6306E45C2907A768000E49D7 /* Info.plist */ = {isa = PBXFileReference; lastKnownFileType = text.plist.xml; path = Info.plist; sourceTree = "<group>"; };
		6306E4622907A9DB000E49D7 /* .gitignore */ = {isa = PBXFileReference; lastKnownFileType = text; path = .gitignore; sourceTree = "<group>"; };
		6306E4642907A9F1000E49D7 /* APIKey.swift */ = {isa = PBXFileReference; lastKnownFileType = sourcecode.swift; path = APIKey.swift; sourceTree = "<group>"; };
		6306E4662907AA02000E49D7 /* APIService.swift */ = {isa = PBXFileReference; lastKnownFileType = sourcecode.swift; path = APIService.swift; sourceTree = "<group>"; };
		6306E4692907AA2D000E49D7 /* DiffableViewController.swift */ = {isa = PBXFileReference; lastKnownFileType = sourcecode.swift; path = DiffableViewController.swift; sourceTree = "<group>"; };
		6306E46B2907AA7C000E49D7 /* DiffableViewModel.swift */ = {isa = PBXFileReference; lastKnownFileType = sourcecode.swift; path = DiffableViewModel.swift; sourceTree = "<group>"; };
		6306E46D2907AA94000E49D7 /* SearchPhoto.swift */ = {isa = PBXFileReference; lastKnownFileType = sourcecode.swift; path = SearchPhoto.swift; sourceTree = "<group>"; };
		6306E4702907AAB3000E49D7 /* SubjectViewController.swift */ = {isa = PBXFileReference; lastKnownFileType = sourcecode.swift; path = SubjectViewController.swift; sourceTree = "<group>"; };
		6306E4722907AAF2000E49D7 /* RxCocoaExampleViewController.swift */ = {isa = PBXFileReference; lastKnownFileType = sourcecode.swift; path = RxCocoaExampleViewController.swift; sourceTree = "<group>"; };
		6306E4742907AB0F000E49D7 /* SubjectViewModel.swift */ = {isa = PBXFileReference; lastKnownFileType = sourcecode.swift; path = SubjectViewModel.swift; sourceTree = "<group>"; };
		6306E4762907AB2B000E49D7 /* SimpleCollectionViewController.swift */ = {isa = PBXFileReference; lastKnownFileType = sourcecode.swift; path = SimpleCollectionViewController.swift; sourceTree = "<group>"; };
		6306E4782907AB3F000E49D7 /* SimpleTableViewController.swift */ = {isa = PBXFileReference; lastKnownFileType = sourcecode.swift; path = SimpleTableViewController.swift; sourceTree = "<group>"; };
		6306E47B2907AB58000E49D7 /* CObservable.swift */ = {isa = PBXFileReference; lastKnownFileType = sourcecode.swift; path = CObservable.swift; sourceTree = "<group>"; };
		6306E47D2907AB66000E49D7 /* NewsViewController.swift */ = {isa = PBXFileReference; lastKnownFileType = sourcecode.swift; path = NewsViewController.swift; sourceTree = "<group>"; };
		6306E47F2907AB79000E49D7 /* NewsViewModel.swift */ = {isa = PBXFileReference; lastKnownFileType = sourcecode.swift; path = NewsViewModel.swift; sourceTree = "<group>"; };
		6306E4812907AB8C000E49D7 /* News.swift */ = {isa = PBXFileReference; lastKnownFileType = sourcecode.swift; path = News.swift; sourceTree = "<group>"; };
		63967F6B2908CBB200E3704D /* SubscribeViewController.swift */ = {isa = PBXFileReference; lastKnownFileType = sourcecode.swift; path = SubscribeViewController.swift; sourceTree = "<group>"; };
		63A9280C2907EB23002D1D8F /* SimplePickerViewRxViewController.swift */ = {isa = PBXFileReference; lastKnownFileType = sourcecode.swift; path = SimplePickerViewRxViewController.swift; sourceTree = "<group>"; };
		63A9280E2907ED68002D1D8F /* SimplePickerView.swift */ = {isa = PBXFileReference; lastKnownFileType = sourcecode.swift; path = SimplePickerView.swift; sourceTree = "<group>"; };
		63A928152907F827002D1D8F /* NumbersRxViewController.swift */ = {isa = PBXFileReference; lastKnownFileType = sourcecode.swift; path = NumbersRxViewController.swift; sourceTree = "<group>"; };
		63A928172907F847002D1D8F /* NumbersView.swift */ = {isa = PBXFileReference; lastKnownFileType = sourcecode.swift; path = NumbersView.swift; sourceTree = "<group>"; };
		63A9281A2907FC0E002D1D8F /* SimpleValidationRxViewController.swift */ = {isa = PBXFileReference; lastKnownFileType = sourcecode.swift; path = SimpleValidationRxViewController.swift; sourceTree = "<group>"; };
		63A9281C2907FC80002D1D8F /* SimpleValidationView.swift */ = {isa = PBXFileReference; lastKnownFileType = sourcecode.swift; path = SimpleValidationView.swift; sourceTree = "<group>"; };
		63A9281F29080D9D002D1D8F /* SimpleTableViewRxViewController.swift */ = {isa = PBXFileReference; lastKnownFileType = sourcecode.swift; path = SimpleTableViewRxViewController.swift; sourceTree = "<group>"; };
/* End PBXFileReference section */

/* Begin PBXFrameworksBuildPhase section */
		6306E4482907A767000E49D7 /* Frameworks */ = {
			isa = PBXFrameworksBuildPhase;
			buildActionMask = 2147483647;
			files = (
				6306E48A2907AD18000E49D7 /* RxSwift in Frameworks */,
				63A928122907EE6D002D1D8F /* SnapKit in Frameworks */,
				6306E4882907AD18000E49D7 /* RxCocoa in Frameworks */,
				6306E4852907AD0C000E49D7 /* Alamofire in Frameworks */,
			);
			runOnlyForDeploymentPostprocessing = 0;
		};
/* End PBXFrameworksBuildPhase section */

/* Begin PBXGroup section */
		6306E4422907A767000E49D7 = {
			isa = PBXGroup;
			children = (
				6306E4622907A9DB000E49D7 /* .gitignore */,
				6306E44D2907A767000E49D7 /* SeSAC16_17Week */,
				6306E44C2907A767000E49D7 /* Products */,
			);
			sourceTree = "<group>";
		};
		6306E44C2907A767000E49D7 /* Products */ = {
			isa = PBXGroup;
			children = (
				6306E44B2907A767000E49D7 /* SeSAC16_17Week.app */,
			);
			name = Products;
			sourceTree = "<group>";
		};
		6306E44D2907A767000E49D7 /* SeSAC16_17Week */ = {
			isa = PBXGroup;
			children = (
				6306E44E2907A767000E49D7 /* AppDelegate.swift */,
				6306E4502907A767000E49D7 /* SceneDelegate.swift */,
				6306E4642907A9F1000E49D7 /* APIKey.swift */,
				6306E4662907AA02000E49D7 /* APIService.swift */,
				6306E4762907AB2B000E49D7 /* SimpleCollectionViewController.swift */,
				6306E4782907AB3F000E49D7 /* SimpleTableViewController.swift */,
				6306E4682907AA14000E49D7 /* Diffable */,
				6306E4522907A767000E49D7 /* ViewController.swift */,
				6306E46D2907AA94000E49D7 /* SearchPhoto.swift */,
				6306E46F2907AA9F000E49D7 /* Rx */,
				63A9280B2907EAF3002D1D8F /* RxExample */,
				6306E47A2907AB4A000E49D7 /* MVVM */,
				6306E4572907A768000E49D7 /* Assets.xcassets */,
				6306E4542907A767000E49D7 /* Main.storyboard */,
				6306E4592907A768000E49D7 /* LaunchScreen.storyboard */,
				6306E45C2907A768000E49D7 /* Info.plist */,
			);
			path = SeSAC16_17Week;
			sourceTree = "<group>";
		};
		6306E4682907AA14000E49D7 /* Diffable */ = {
			isa = PBXGroup;
			children = (
				6306E4692907AA2D000E49D7 /* DiffableViewController.swift */,
				6306E46B2907AA7C000E49D7 /* DiffableViewModel.swift */,
			);
			path = Diffable;
			sourceTree = "<group>";
		};
		6306E46F2907AA9F000E49D7 /* Rx */ = {
			isa = PBXGroup;
			children = (
				6306E4702907AAB3000E49D7 /* SubjectViewController.swift */,
				6306E4722907AAF2000E49D7 /* RxCocoaExampleViewController.swift */,
				6306E4742907AB0F000E49D7 /* SubjectViewModel.swift */,
				63967F6B2908CBB200E3704D /* SubscribeViewController.swift */,
			);
			path = Rx;
			sourceTree = "<group>";
		};
		6306E47A2907AB4A000E49D7 /* MVVM */ = {
			isa = PBXGroup;
			children = (
				6306E47B2907AB58000E49D7 /* CObservable.swift */,
				6306E47D2907AB66000E49D7 /* NewsViewController.swift */,
				6306E47F2907AB79000E49D7 /* NewsViewModel.swift */,
				6306E4812907AB8C000E49D7 /* News.swift */,
			);
			path = MVVM;
			sourceTree = "<group>";
		};
		63A9280B2907EAF3002D1D8F /* RxExample */ = {
			isa = PBXGroup;
			children = (
				63A9281E29080D77002D1D8F /* SimpleTableView */,
				63A928192907FBFB002D1D8F /* Validation */,
				63A928142907F6D1002D1D8F /* Numbers */,
				63A928132907F6B0002D1D8F /* SimplePickerView */,
			);
			path = RxExample;
			sourceTree = "<group>";
		};
		63A928132907F6B0002D1D8F /* SimplePickerView */ = {
			isa = PBXGroup;
			children = (
				63A9280C2907EB23002D1D8F /* SimplePickerViewRxViewController.swift */,
				63A9280E2907ED68002D1D8F /* SimplePickerView.swift */,
			);
			path = SimplePickerView;
			sourceTree = "<group>";
		};
		63A928142907F6D1002D1D8F /* Numbers */ = {
			isa = PBXGroup;
			children = (
				63A928152907F827002D1D8F /* NumbersRxViewController.swift */,
				63A928172907F847002D1D8F /* NumbersView.swift */,
			);
			path = Numbers;
			sourceTree = "<group>";
		};
		63A928192907FBFB002D1D8F /* Validation */ = {
			isa = PBXGroup;
			children = (
				63A9281A2907FC0E002D1D8F /* SimpleValidationRxViewController.swift */,
				63A9281C2907FC80002D1D8F /* SimpleValidationView.swift */,
			);
			path = Validation;
			sourceTree = "<group>";
		};
		63A9281E29080D77002D1D8F /* SimpleTableView */ = {
			isa = PBXGroup;
			children = (
				63A9281F29080D9D002D1D8F /* SimpleTableViewRxViewController.swift */,
			);
			path = SimpleTableView;
			sourceTree = "<group>";
		};
/* End PBXGroup section */

/* Begin PBXNativeTarget section */
		6306E44A2907A767000E49D7 /* SeSAC16_17Week */ = {
			isa = PBXNativeTarget;
			buildConfigurationList = 6306E45F2907A768000E49D7 /* Build configuration list for PBXNativeTarget "SeSAC16_17Week" */;
			buildPhases = (
				6306E4472907A767000E49D7 /* Sources */,
				6306E4482907A767000E49D7 /* Frameworks */,
				6306E4492907A767000E49D7 /* Resources */,
			);
			buildRules = (
			);
			dependencies = (
			);
			name = SeSAC16_17Week;
			packageProductDependencies = (
				6306E4842907AD0C000E49D7 /* Alamofire */,
				6306E4872907AD18000E49D7 /* RxCocoa */,
				6306E4892907AD18000E49D7 /* RxSwift */,
				63A928112907EE6D002D1D8F /* SnapKit */,
			);
			productName = SeSAC16_17Week;
			productReference = 6306E44B2907A767000E49D7 /* SeSAC16_17Week.app */;
			productType = "com.apple.product-type.application";
		};
/* End PBXNativeTarget section */

/* Begin PBXProject section */
		6306E4432907A767000E49D7 /* Project object */ = {
			isa = PBXProject;
			attributes = {
				BuildIndependentTargetsInParallel = 1;
				LastSwiftUpdateCheck = 1400;
				LastUpgradeCheck = 1400;
				TargetAttributes = {
					6306E44A2907A767000E49D7 = {
						CreatedOnToolsVersion = 14.0.1;
					};
				};
			};
			buildConfigurationList = 6306E4462907A767000E49D7 /* Build configuration list for PBXProject "SeSAC16_17Week" */;
			compatibilityVersion = "Xcode 14.0";
			developmentRegion = en;
			hasScannedForEncodings = 0;
			knownRegions = (
				en,
				Base,
			);
			mainGroup = 6306E4422907A767000E49D7;
			packageReferences = (
				6306E4832907AD0C000E49D7 /* XCRemoteSwiftPackageReference "Alamofire" */,
				6306E4862907AD18000E49D7 /* XCRemoteSwiftPackageReference "RxSwift" */,
				63A928102907EE6D002D1D8F /* XCRemoteSwiftPackageReference "SnapKit" */,
			);
			productRefGroup = 6306E44C2907A767000E49D7 /* Products */;
			projectDirPath = "";
			projectRoot = "";
			targets = (
				6306E44A2907A767000E49D7 /* SeSAC16_17Week */,
			);
		};
/* End PBXProject section */

/* Begin PBXResourcesBuildPhase section */
		6306E4492907A767000E49D7 /* Resources */ = {
			isa = PBXResourcesBuildPhase;
			buildActionMask = 2147483647;
			files = (
				6306E4632907A9DB000E49D7 /* .gitignore in Resources */,
				6306E45B2907A768000E49D7 /* LaunchScreen.storyboard in Resources */,
				6306E4582907A768000E49D7 /* Assets.xcassets in Resources */,
				6306E4562907A767000E49D7 /* Main.storyboard in Resources */,
			);
			runOnlyForDeploymentPostprocessing = 0;
		};
/* End PBXResourcesBuildPhase section */

/* Begin PBXSourcesBuildPhase section */
		6306E4472907A767000E49D7 /* Sources */ = {
			isa = PBXSourcesBuildPhase;
			buildActionMask = 2147483647;
			files = (
				6306E4532907A767000E49D7 /* ViewController.swift in Sources */,
				63A9281D2907FC80002D1D8F /* SimpleValidationView.swift in Sources */,
				63A9281B2907FC0E002D1D8F /* SimpleValidationRxViewController.swift in Sources */,
				6306E4712907AAB3000E49D7 /* SubjectViewController.swift in Sources */,
				6306E4752907AB0F000E49D7 /* SubjectViewModel.swift in Sources */,
				6306E47E2907AB66000E49D7 /* NewsViewController.swift in Sources */,
				6306E46C2907AA7C000E49D7 /* DiffableViewModel.swift in Sources */,
				6306E4772907AB2B000E49D7 /* SimpleCollectionViewController.swift in Sources */,
				6306E46A2907AA2D000E49D7 /* DiffableViewController.swift in Sources */,
				6306E4802907AB79000E49D7 /* NewsViewModel.swift in Sources */,
				6306E4792907AB3F000E49D7 /* SimpleTableViewController.swift in Sources */,
				6306E4672907AA02000E49D7 /* APIService.swift in Sources */,
				6306E47C2907AB58000E49D7 /* CObservable.swift in Sources */,
				6306E4732907AAF2000E49D7 /* RxCocoaExampleViewController.swift in Sources */,
				63A9282029080D9D002D1D8F /* SimpleTableViewRxViewController.swift in Sources */,
				6306E46E2907AA94000E49D7 /* SearchPhoto.swift in Sources */,
				63A928162907F827002D1D8F /* NumbersRxViewController.swift in Sources */,
				63A9280D2907EB23002D1D8F /* SimplePickerViewRxViewController.swift in Sources */,
				6306E44F2907A767000E49D7 /* AppDelegate.swift in Sources */,
				63967F6C2908CBB200E3704D /* SubscribeViewController.swift in Sources */,
				6306E4652907A9F1000E49D7 /* APIKey.swift in Sources */,
				6306E4822907AB8C000E49D7 /* News.swift in Sources */,
				63A928182907F847002D1D8F /* NumbersView.swift in Sources */,
				63A9280F2907ED68002D1D8F /* SimplePickerView.swift in Sources */,
				6306E4512907A767000E49D7 /* SceneDelegate.swift in Sources */,
			);
			runOnlyForDeploymentPostprocessing = 0;
		};
/* End PBXSourcesBuildPhase section */

/* Begin PBXVariantGroup section */
		6306E4542907A767000E49D7 /* Main.storyboard */ = {
			isa = PBXVariantGroup;
			children = (
				6306E4552907A767000E49D7 /* Base */,
			);
			name = Main.storyboard;
			sourceTree = "<group>";
		};
		6306E4592907A768000E49D7 /* LaunchScreen.storyboard */ = {
			isa = PBXVariantGroup;
			children = (
				6306E45A2907A768000E49D7 /* Base */,
			);
			name = LaunchScreen.storyboard;
			sourceTree = "<group>";
		};
/* End PBXVariantGroup section */

/* Begin XCBuildConfiguration section */
		6306E45D2907A768000E49D7 /* Debug */ = {
			isa = XCBuildConfiguration;
			buildSettings = {
				ALWAYS_SEARCH_USER_PATHS = NO;
				CLANG_ANALYZER_NONNULL = YES;
				CLANG_ANALYZER_NUMBER_OBJECT_CONVERSION = YES_AGGRESSIVE;
				CLANG_CXX_LANGUAGE_STANDARD = "gnu++20";
				CLANG_ENABLE_MODULES = YES;
				CLANG_ENABLE_OBJC_ARC = YES;
				CLANG_ENABLE_OBJC_WEAK = YES;
				CLANG_WARN_BLOCK_CAPTURE_AUTORELEASING = YES;
				CLANG_WARN_BOOL_CONVERSION = YES;
				CLANG_WARN_COMMA = YES;
				CLANG_WARN_CONSTANT_CONVERSION = YES;
				CLANG_WARN_DEPRECATED_OBJC_IMPLEMENTATIONS = YES;
				CLANG_WARN_DIRECT_OBJC_ISA_USAGE = YES_ERROR;
				CLANG_WARN_DOCUMENTATION_COMMENTS = YES;
				CLANG_WARN_EMPTY_BODY = YES;
				CLANG_WARN_ENUM_CONVERSION = YES;
				CLANG_WARN_INFINITE_RECURSION = YES;
				CLANG_WARN_INT_CONVERSION = YES;
				CLANG_WARN_NON_LITERAL_NULL_CONVERSION = YES;
				CLANG_WARN_OBJC_IMPLICIT_RETAIN_SELF = YES;
				CLANG_WARN_OBJC_LITERAL_CONVERSION = YES;
				CLANG_WARN_OBJC_ROOT_CLASS = YES_ERROR;
				CLANG_WARN_QUOTED_INCLUDE_IN_FRAMEWORK_HEADER = YES;
				CLANG_WARN_RANGE_LOOP_ANALYSIS = YES;
				CLANG_WARN_STRICT_PROTOTYPES = YES;
				CLANG_WARN_SUSPICIOUS_MOVE = YES;
				CLANG_WARN_UNGUARDED_AVAILABILITY = YES_AGGRESSIVE;
				CLANG_WARN_UNREACHABLE_CODE = YES;
				CLANG_WARN__DUPLICATE_METHOD_MATCH = YES;
				COPY_PHASE_STRIP = NO;
				DEBUG_INFORMATION_FORMAT = dwarf;
				ENABLE_STRICT_OBJC_MSGSEND = YES;
				ENABLE_TESTABILITY = YES;
				GCC_C_LANGUAGE_STANDARD = gnu11;
				GCC_DYNAMIC_NO_PIC = NO;
				GCC_NO_COMMON_BLOCKS = YES;
				GCC_OPTIMIZATION_LEVEL = 0;
				GCC_PREPROCESSOR_DEFINITIONS = (
					"DEBUG=1",
					"$(inherited)",
				);
				GCC_WARN_64_TO_32_BIT_CONVERSION = YES;
				GCC_WARN_ABOUT_RETURN_TYPE = YES_ERROR;
				GCC_WARN_UNDECLARED_SELECTOR = YES;
				GCC_WARN_UNINITIALIZED_AUTOS = YES_AGGRESSIVE;
				GCC_WARN_UNUSED_FUNCTION = YES;
				GCC_WARN_UNUSED_VARIABLE = YES;
				IPHONEOS_DEPLOYMENT_TARGET = 16.0;
				MTL_ENABLE_DEBUG_INFO = INCLUDE_SOURCE;
				MTL_FAST_MATH = YES;
				ONLY_ACTIVE_ARCH = YES;
				SDKROOT = iphoneos;
				SWIFT_ACTIVE_COMPILATION_CONDITIONS = DEBUG;
				SWIFT_OPTIMIZATION_LEVEL = "-Onone";
			};
			name = Debug;
		};
		6306E45E2907A768000E49D7 /* Release */ = {
			isa = XCBuildConfiguration;
			buildSettings = {
				ALWAYS_SEARCH_USER_PATHS = NO;
				CLANG_ANALYZER_NONNULL = YES;
				CLANG_ANALYZER_NUMBER_OBJECT_CONVERSION = YES_AGGRESSIVE;
				CLANG_CXX_LANGUAGE_STANDARD = "gnu++20";
				CLANG_ENABLE_MODULES = YES;
				CLANG_ENABLE_OBJC_ARC = YES;
				CLANG_ENABLE_OBJC_WEAK = YES;
				CLANG_WARN_BLOCK_CAPTURE_AUTORELEASING = YES;
				CLANG_WARN_BOOL_CONVERSION = YES;
				CLANG_WARN_COMMA = YES;
				CLANG_WARN_CONSTANT_CONVERSION = YES;
				CLANG_WARN_DEPRECATED_OBJC_IMPLEMENTATIONS = YES;
				CLANG_WARN_DIRECT_OBJC_ISA_USAGE = YES_ERROR;
				CLANG_WARN_DOCUMENTATION_COMMENTS = YES;
				CLANG_WARN_EMPTY_BODY = YES;
				CLANG_WARN_ENUM_CONVERSION = YES;
				CLANG_WARN_INFINITE_RECURSION = YES;
				CLANG_WARN_INT_CONVERSION = YES;
				CLANG_WARN_NON_LITERAL_NULL_CONVERSION = YES;
				CLANG_WARN_OBJC_IMPLICIT_RETAIN_SELF = YES;
				CLANG_WARN_OBJC_LITERAL_CONVERSION = YES;
				CLANG_WARN_OBJC_ROOT_CLASS = YES_ERROR;
				CLANG_WARN_QUOTED_INCLUDE_IN_FRAMEWORK_HEADER = YES;
				CLANG_WARN_RANGE_LOOP_ANALYSIS = YES;
				CLANG_WARN_STRICT_PROTOTYPES = YES;
				CLANG_WARN_SUSPICIOUS_MOVE = YES;
				CLANG_WARN_UNGUARDED_AVAILABILITY = YES_AGGRESSIVE;
				CLANG_WARN_UNREACHABLE_CODE = YES;
				CLANG_WARN__DUPLICATE_METHOD_MATCH = YES;
				COPY_PHASE_STRIP = NO;
				DEBUG_INFORMATION_FORMAT = "dwarf-with-dsym";
				ENABLE_NS_ASSERTIONS = NO;
				ENABLE_STRICT_OBJC_MSGSEND = YES;
				GCC_C_LANGUAGE_STANDARD = gnu11;
				GCC_NO_COMMON_BLOCKS = YES;
				GCC_WARN_64_TO_32_BIT_CONVERSION = YES;
				GCC_WARN_ABOUT_RETURN_TYPE = YES_ERROR;
				GCC_WARN_UNDECLARED_SELECTOR = YES;
				GCC_WARN_UNINITIALIZED_AUTOS = YES_AGGRESSIVE;
				GCC_WARN_UNUSED_FUNCTION = YES;
				GCC_WARN_UNUSED_VARIABLE = YES;
				IPHONEOS_DEPLOYMENT_TARGET = 16.0;
				MTL_ENABLE_DEBUG_INFO = NO;
				MTL_FAST_MATH = YES;
				SDKROOT = iphoneos;
				SWIFT_COMPILATION_MODE = wholemodule;
				SWIFT_OPTIMIZATION_LEVEL = "-O";
				VALIDATE_PRODUCT = YES;
			};
			name = Release;
		};
		6306E4602907A768000E49D7 /* Debug */ = {
			isa = XCBuildConfiguration;
			buildSettings = {
				ASSETCATALOG_COMPILER_APPICON_NAME = AppIcon;
				ASSETCATALOG_COMPILER_GLOBAL_ACCENT_COLOR_NAME = AccentColor;
				CODE_SIGN_STYLE = Automatic;
				CURRENT_PROJECT_VERSION = 1;
				GENERATE_INFOPLIST_FILE = YES;
				INFOPLIST_FILE = SeSAC16_17Week/Info.plist;
				INFOPLIST_KEY_UIApplicationSupportsIndirectInputEvents = YES;
				INFOPLIST_KEY_UILaunchStoryboardName = LaunchScreen;
				INFOPLIST_KEY_UIMainStoryboardFile = Main;
				INFOPLIST_KEY_UISupportedInterfaceOrientations_iPad = "UIInterfaceOrientationPortrait UIInterfaceOrientationPortraitUpsideDown UIInterfaceOrientationLandscapeLeft UIInterfaceOrientationLandscapeRight";
				INFOPLIST_KEY_UISupportedInterfaceOrientations_iPhone = "UIInterfaceOrientationPortrait UIInterfaceOrientationLandscapeLeft UIInterfaceOrientationLandscapeRight";
				LD_RUNPATH_SEARCH_PATHS = (
					"$(inherited)",
					"@executable_path/Frameworks",
				);
				MARKETING_VERSION = 1.0;
				PRODUCT_BUNDLE_IDENTIFIER = "com.jy.SeSAC16-17Week";
				PRODUCT_NAME = "$(TARGET_NAME)";
				SWIFT_EMIT_LOC_STRINGS = YES;
				SWIFT_VERSION = 5.0;
				TARGETED_DEVICE_FAMILY = "1,2";
			};
			name = Debug;
		};
		6306E4612907A768000E49D7 /* Release */ = {
			isa = XCBuildConfiguration;
			buildSettings = {
				ASSETCATALOG_COMPILER_APPICON_NAME = AppIcon;
				ASSETCATALOG_COMPILER_GLOBAL_ACCENT_COLOR_NAME = AccentColor;
				CODE_SIGN_STYLE = Automatic;
				CURRENT_PROJECT_VERSION = 1;
				GENERATE_INFOPLIST_FILE = YES;
				INFOPLIST_FILE = SeSAC16_17Week/Info.plist;
				INFOPLIST_KEY_UIApplicationSupportsIndirectInputEvents = YES;
				INFOPLIST_KEY_UILaunchStoryboardName = LaunchScreen;
				INFOPLIST_KEY_UIMainStoryboardFile = Main;
				INFOPLIST_KEY_UISupportedInterfaceOrientations_iPad = "UIInterfaceOrientationPortrait UIInterfaceOrientationPortraitUpsideDown UIInterfaceOrientationLandscapeLeft UIInterfaceOrientationLandscapeRight";
				INFOPLIST_KEY_UISupportedInterfaceOrientations_iPhone = "UIInterfaceOrientationPortrait UIInterfaceOrientationLandscapeLeft UIInterfaceOrientationLandscapeRight";
				LD_RUNPATH_SEARCH_PATHS = (
					"$(inherited)",
					"@executable_path/Frameworks",
				);
				MARKETING_VERSION = 1.0;
				PRODUCT_BUNDLE_IDENTIFIER = "com.jy.SeSAC16-17Week";
				PRODUCT_NAME = "$(TARGET_NAME)";
				SWIFT_EMIT_LOC_STRINGS = YES;
				SWIFT_VERSION = 5.0;
				TARGETED_DEVICE_FAMILY = "1,2";
			};
			name = Release;
		};
/* End XCBuildConfiguration section */

/* Begin XCConfigurationList section */
		6306E4462907A767000E49D7 /* Build configuration list for PBXProject "SeSAC16_17Week" */ = {
			isa = XCConfigurationList;
			buildConfigurations = (
				6306E45D2907A768000E49D7 /* Debug */,
				6306E45E2907A768000E49D7 /* Release */,
			);
			defaultConfigurationIsVisible = 0;
			defaultConfigurationName = Release;
		};
		6306E45F2907A768000E49D7 /* Build configuration list for PBXNativeTarget "SeSAC16_17Week" */ = {
			isa = XCConfigurationList;
			buildConfigurations = (
				6306E4602907A768000E49D7 /* Debug */,
				6306E4612907A768000E49D7 /* Release */,
			);
			defaultConfigurationIsVisible = 0;
			defaultConfigurationName = Release;
		};
/* End XCConfigurationList section */

/* Begin XCRemoteSwiftPackageReference section */
		6306E4832907AD0C000E49D7 /* XCRemoteSwiftPackageReference "Alamofire" */ = {
			isa = XCRemoteSwiftPackageReference;
			repositoryURL = "https://github.com/Alamofire/Alamofire.git";
			requirement = {
				kind = upToNextMajorVersion;
				minimumVersion = 5.0.0;
			};
		};
		6306E4862907AD18000E49D7 /* XCRemoteSwiftPackageReference "RxSwift" */ = {
			isa = XCRemoteSwiftPackageReference;
			repositoryURL = "https://github.com/ReactiveX/RxSwift.git";
			requirement = {
				kind = upToNextMajorVersion;
				minimumVersion = 6.0.0;
			};
		};
		63A928102907EE6D002D1D8F /* XCRemoteSwiftPackageReference "SnapKit" */ = {
			isa = XCRemoteSwiftPackageReference;
			repositoryURL = "https://github.com/SnapKit/SnapKit.git";
			requirement = {
				kind = upToNextMajorVersion;
				minimumVersion = 5.0.0;
			};
		};
/* End XCRemoteSwiftPackageReference section */

/* Begin XCSwiftPackageProductDependency section */
		6306E4842907AD0C000E49D7 /* Alamofire */ = {
			isa = XCSwiftPackageProductDependency;
			package = 6306E4832907AD0C000E49D7 /* XCRemoteSwiftPackageReference "Alamofire" */;
			productName = Alamofire;
		};
		6306E4872907AD18000E49D7 /* RxCocoa */ = {
			isa = XCSwiftPackageProductDependency;
			package = 6306E4862907AD18000E49D7 /* XCRemoteSwiftPackageReference "RxSwift" */;
			productName = RxCocoa;
		};
		6306E4892907AD18000E49D7 /* RxSwift */ = {
			isa = XCSwiftPackageProductDependency;
			package = 6306E4862907AD18000E49D7 /* XCRemoteSwiftPackageReference "RxSwift" */;
			productName = RxSwift;
		};
		63A928112907EE6D002D1D8F /* SnapKit */ = {
			isa = XCSwiftPackageProductDependency;
			package = 63A928102907EE6D002D1D8F /* XCRemoteSwiftPackageReference "SnapKit" */;
			productName = SnapKit;
		};
/* End XCSwiftPackageProductDependency section */
	};
	rootObject = 6306E4432907A767000E49D7 /* Project object */;
}
